<?xml version="1.0" encoding="utf-8"?>
<Project ToolsVersion="4.0" xmlns="http://schemas.microsoft.com/developer/msbuild/2003">
  <ItemGroup>
    <Filter Include="源文件">
      <UniqueIdentifier>{4FC737F1-C7A5-4376-A066-2A32D752A2FF}</UniqueIdentifier>
      <Extensions>cpp;c;cc;cxx;def;odl;idl;hpj;bat;asm;asmx</Extensions>
    </Filter>
    <Filter Include="头文件">
      <UniqueIdentifier>{93995380-89BD-4b04-88EB-625FBE52EBFB}</UniqueIdentifier>
      <Extensions>h;hh;hpp;hxx;hm;inl;inc;ipp;xsd</Extensions>
    </Filter>
    <Filter Include="资源文件">
      <UniqueIdentifier>{67DA6AB6-F800-4c08-8B7A-83BB121AAD01}</UniqueIdentifier>
      <Extensions>rc;ico;cur;bmp;dlg;rc2;rct;bin;rgs;gif;jpg;jpeg;jpe;resx;tiff;tif;png;wav;mfcribbon-ms</Extensions>
    </Filter>
  </ItemGroup>
  <ItemGroup>
    <ClCompile Include="01 C++书写HelloWorld.cpp">
      <Filter>源文件</Filter>
    </ClCompile>
    <ClCompile Include="02猜数字.cpp">
      <Filter>源文件</Filter>
    </ClCompile>
    <ClCompile Include="03乘法口诀.cpp">
      <Filter>源文件</Filter>
    </ClCompile>
    <ClCompile Include="05数组倒置.cpp">
      <Filter>源文件</Filter>
    </ClCompile>
    <ClCompile Include="06冒泡排序.cpp">
      <Filter>源文件</Filter>
    </ClCompile>
    <ClCompile Include="07函数定义.cpp">
      <Filter>源文件</Filter>
    </ClCompile>
    <ClCompile Include="swap.cpp">
      <Filter>源文件</Filter>
    </ClCompile>
    <ClCompile Include="08const指针.cpp">
      <Filter>源文件</Filter>
    </ClCompile>
    <ClCompile Include="09指针和数组.cpp">
      <Filter>源文件</Filter>
    </ClCompile>
    <ClCompile Include="10指针和函数.cpp">
      <Filter>源文件</Filter>
    </ClCompile>
    <ClCompile Include="12结构体基本定义.cpp">
      <Filter>源文件</Filter>
    </ClCompile>
    <ClCompile Include="11冒泡排序将数组传入函数.cpp">
      <Filter>源文件</Filter>
    </ClCompile>
    <ClCompile Include="13老师和多个学生.cpp">
      <Filter>源文件</Filter>
    </ClCompile>
    <ClCompile Include="14三国按年龄排序.cpp">
      <Filter>源文件</Filter>
    </ClCompile>
    <ClCompile Include="04数组找最大值.cpp">
      <Filter>源文件</Filter>
    </ClCompile>
    <ClCompile Include="15new用法.cpp">
      <Filter>源文件</Filter>
    </ClCompile>
    <ClCompile Include="16引用返回.cpp">
      <Filter>源文件</Filter>
    </ClCompile>
    <ClCompile Include="17类和对象圆的周长.cpp">
      <Filter>源文件</Filter>
    </ClCompile>
    <ClCompile Include="18立方体体积.cpp">
      <Filter>源文件</Filter>
    </ClCompile>
    <ClCompile Include="19圆在点内.cpp">
      <Filter>源文件</Filter>
    </ClCompile>
    <ClCompile Include="20析构函数.cpp">
      <Filter>源文件</Filter>
    </ClCompile>
    <ClCompile Include="21初始化列表.cpp">
      <Filter>源文件</Filter>
    </ClCompile>
    <ClCompile Include="22类对象作为类成员.cpp">
      <Filter>源文件</Filter>
    </ClCompile>
    <ClCompile Include="24静态函数.cpp">
      <Filter>源文件</Filter>
    </ClCompile>
    <ClCompile Include="25this指针.cpp">
      <Filter>源文件</Filter>
    </ClCompile>
    <ClCompile Include="26空指针访问成员.cpp">
      <Filter>源文件</Filter>
    </ClCompile>
    <ClCompile Include="27const常函数.cpp">
      <Filter>源文件</Filter>
    </ClCompile>
    <ClCompile Include="28友元全局函数作用元.cpp">
      <Filter>源文件</Filter>
    </ClCompile>
    <ClCompile Include="29友元成员函数.cpp">
      <Filter>源文件</Filter>
    </ClCompile>
    <ClCompile Include="30运算符重载.cpp">
      <Filter>源文件</Filter>
    </ClCompile>
    <ClCompile Include="31左移运算符.cpp">
      <Filter>源文件</Filter>
    </ClCompile>
    <ClCompile Include="32递增运算符.cpp">
      <Filter>源文件</Filter>
    </ClCompile>
    <ClCompile Include="33赋值运算符.cpp">
      <Filter>源文件</Filter>
    </ClCompile>
    <ClCompile Include="34关系运算符.cpp">
      <Filter>源文件</Filter>
    </ClCompile>
    <ClCompile Include="35函数调用运算符重载.cpp">
      <Filter>源文件</Filter>
    </ClCompile>
    <ClCompile Include="36继承语法网页.cpp">
      <Filter>源文件</Filter>
    </ClCompile>
    <ClCompile Include="37三种继承方式.cpp">
      <Filter>源文件</Filter>
    </ClCompile>
    <ClCompile Include="38判断继承后子类的大小.cpp">
      <Filter>源文件</Filter>
    </ClCompile>
    <ClCompile Include="39继承构造和析构的顺序.cpp">
      <Filter>源文件</Filter>
    </ClCompile>
    <ClCompile Include="40继承中构造和析构的顺序.cpp">
      <Filter>源文件</Filter>
    </ClCompile>
    <ClCompile Include="41继承同名成员处理方式.cpp">
      <Filter>源文件</Filter>
    </ClCompile>
    <ClCompile Include="42继承同名静态成员.cpp">
      <Filter>源文件</Filter>
    </ClCompile>
    <ClCompile Include="43多继承.cpp">
      <Filter>源文件</Filter>
    </ClCompile>
    <ClCompile Include="44菱形继承.cpp">
      <Filter>源文件</Filter>
    </ClCompile>
    <ClCompile Include="45多态virtual.cpp">
      <Filter>源文件</Filter>
    </ClCompile>
    <ClCompile Include="46多态计算器类.cpp">
      <Filter>源文件</Filter>
    </ClCompile>
    <ClCompile Include="47纯虚函数和抽象类.cpp">
      <Filter>源文件</Filter>
    </ClCompile>
    <ClCompile Include="48多态案例二-制作饮品.cpp">
      <Filter>源文件</Filter>
    </ClCompile>
    <ClCompile Include="49析构函数和纯虚析构函数.cpp">
      <Filter>源文件</Filter>
    </ClCompile>
    <ClCompile Include="50电脑组装.cpp">
      <Filter>源文件</Filter>
    </ClCompile>
    <ClCompile Include="51文本文件.cpp">
      <Filter>源文件</Filter>
    </ClCompile>
    <ClCompile Include="52二进制读写.cpp">
      <Filter>源文件</Filter>
    </ClCompile>
    <ClCompile Include="53函数模板.cpp">
      <Filter>源文件</Filter>
    </ClCompile>
    <ClCompile Include="54函数模板int,char.cpp">
      <Filter>源文件</Filter>
    </ClCompile>
    <ClCompile Include="55普通函数和函数模板区别.cpp">
      <Filter>源文件</Filter>
    </ClCompile>
    <ClCompile Include="56模板重载.cpp">
      <Filter>源文件</Filter>
    </ClCompile>
    <ClCompile Include="57类与函数模板.cpp">
      <Filter>源文件</Filter>
    </ClCompile>
    <ClCompile Include="58类模板赋初类型.cpp">
      <Filter>源文件</Filter>
    </ClCompile>
    <ClCompile Include="59类模板中成员函数的创建时机.cpp">
      <Filter>源文件</Filter>
    </ClCompile>
    <ClCompile Include="60类模板对象做函数参数.cpp">
      <Filter>源文件</Filter>
    </ClCompile>
    <ClCompile Include="61类模板继承.cpp">
      <Filter>源文件</Filter>
    </ClCompile>
    <ClCompile Include="62类内类外友元模板.cpp">
      <Filter>源文件</Filter>
    </ClCompile>
    <ClCompile Include="63MyArray.cpp">
      <Filter>源文件</Filter>
    </ClCompile>
    <ClCompile Include="65自定义vactor.cpp">
      <Filter>源文件</Filter>
    </ClCompile>
    <ClCompile Include="64vactor调用.cpp">
      <Filter>源文件</Filter>
    </ClCompile>
    <ClCompile Include="66容器嵌套容器.cpp">
      <Filter>源文件</Filter>
    </ClCompile>
    <ClCompile Include="67string创建赋值.cpp">
      <Filter>源文件</Filter>
    </ClCompile>
    <ClCompile Include="68string拼接.cpp">
      <Filter>源文件</Filter>
    </ClCompile>
    <ClCompile Include="69string查找和替换.cpp">
      <Filter>源文件</Filter>
    </ClCompile>
    <ClCompile Include="70string比较和字符存取.cpp">
      <Filter>源文件</Filter>
    </ClCompile>
    <ClCompile Include="71string插入删除子串.cpp">
      <Filter>源文件</Filter>
    </ClCompile>
    <ClCompile Include="72vactor容器的构造.cpp">
      <Filter>源文件</Filter>
    </ClCompile>
    <ClCompile Include="73vactor赋值.cpp">
      <Filter>源文件</Filter>
    </ClCompile>
    <ClCompile Include="75vactor存取at，swap预留空间，.cpp">
      <Filter>源文件</Filter>
    </ClCompile>
    <ClCompile Include="74容器重新定义大小，插入删除.cpp">
      <Filter>源文件</Filter>
    </ClCompile>
    <ClCompile Include="76STL计算平均分案例.cpp">
      <Filter>源文件</Filter>
    </ClCompile>
    <ClCompile Include="77deque.cpp">
      <Filter>源文件</Filter>
    </ClCompile>
    <ClCompile Include="78stack栈.cpp">
      <Filter>源文件</Filter>
    </ClCompile>
    <ClCompile Include="79queue队列.cpp">
      <Filter>源文件</Filter>
    </ClCompile>
    <ClCompile Include="80list链表.cpp">
      <Filter>源文件</Filter>
    </ClCompile>
    <ClCompile Include="81pair对组.cpp">
      <Filter>源文件</Filter>
    </ClCompile>
    <ClCompile Include="82set指定类型排序.cpp">
      <Filter>源文件</Filter>
    </ClCompile>
    <ClCompile Include="84map定义及排序.cpp">
      <Filter>源文件</Filter>
    </ClCompile>
    <ClCompile Include="83set自定义类型排序.cpp">
      <Filter>源文件</Filter>
    </ClCompile>
    <ClCompile Include="85STL案例2.cpp">
      <Filter>源文件</Filter>
    </ClCompile>
    <ClCompile Include="86class构造函数对象.cpp">
      <Filter>源文件</Filter>
    </ClCompile>
    <ClCompile Include="87一二元谓词.cpp">
      <Filter>源文件</Filter>
    </ClCompile>
    <ClCompile Include="88内建函数.cpp">
      <Filter>源文件</Filter>
    </ClCompile>
    <ClCompile Include="89STL常用遍历算法.cpp">
      <Filter>源文件</Filter>
    </ClCompile>
    <ClCompile Include="90STLfind.cpp">
      <Filter>源文件</Filter>
    </ClCompile>
    <ClCompile Include="91STLfind_if.cpp">
      <Filter>源文件</Filter>
    </ClCompile>
    <ClCompile Include="92STL查找计数算法.cpp">
      <Filter>源文件</Filter>
    </ClCompile>
    <ClCompile Include="93STL排序.cpp">
      <Filter>源文件</Filter>
    </ClCompile>
    <ClCompile Include="94拷贝构造.cpp">
      <Filter>源文件</Filter>
    </ClCompile>
    <ClCompile Include="100定义结构体.cpp">
      <Filter>源文件</Filter>
    </ClCompile>
    <ClCompile Include="95算术生成算法.cpp">
      <Filter>源文件</Filter>
    </ClCompile>
    <ClCompile Include="源.c">
      <Filter>源文件</Filter>
    </ClCompile>
  </ItemGroup>
  <ItemGroup>
    <ClInclude Include="swap.h">
      <Filter>头文件</Filter>
    </ClInclude>
    <ClInclude Include="MyArray.hpp">
      <Filter>头文件</Filter>
    </ClInclude>
  </ItemGroup>
</Project>